{
  "name": "kiro-telegram-bridge",
  "version": "1.0.0",
  "lockfileVersion": 3,
  "requires": true,
  "packages": {
    "": {
      "name": "kiro-telegram-bridge",
      "version": "1.0.0",
      "license": "MIT",
      "dependencies": {
        "@gramio/format": "^0.8.0",
        "ws": "^8.18.0"
      },
      "bin": {
        "kiro-telegram-bridge": "index.js"
      },
      "engines": {
        "node": ">=18.0.0"
      }
    },
    "node_modules/@gramio/format": {
      "version": "0.8.0",
      "resolved": "https://registry.npmjs.org/@gramio/format/-/format-0.8.0.tgz",
      "integrity": "sha512-u0iZm+yfAg1H2I6Jau56KacGq61La/cIh3f63PydB5PEmX/lwFjajBaUKaXovhrQQ99nB7WLulHREiE0u26ZQw==",
      "license": "MIT",
      "dependencies": {
        "@gramio/types": "^10.0.0"
      },
      "peerDependencies": {
        "marked": "^15.0.11",
        "node-html-parser": ">=6.0.0"
      },
      "peerDependenciesMeta": {
        "marked": {
          "optional": true
        },
        "node-html-parser": {
          "optional": true
        }
      }
    },
    "node_modules/@gramio/types": {
      "version": "10.0.0",
      "resolved": "https://registry.npmjs.org/@gramio/types/-/types-10.0.0.tgz",
      "integrity": "sha512-XU6MPRujdbd8W0fAaYQmvtBaTh2Q/EUSNf0FuvJw4Z4Te/d0WnV6KNHNeC2ZitRK3h3vcb0LVv/cIhAqn9nAPQ==",
      "license": "MIT"
    },
    "node_modules/ws": {
      "version": "8.20.1",
      "resolved": "https://registry.npmjs.org/ws/-/ws-8.20.1.tgz",
      "integrity": "sha512-It4dO0K5v//JtTXuPkfEOaI3uUN87iYPnqo/ZzqCoG3g8uhA66QUMs/SrM0YK7/NAu+r4LMh/9dq2A7k+rHs+w==",
      "license": "MIT",
      "engines": {
        "node": ">=10.0.0"
      },
      "peerDependencies": {
        "bufferutil": "^4.0.1",
        "utf-8-validate": ">=5.0.2"
      },
      "peerDependenciesMeta": {
        "bufferutil": {
          "optional": true
        },
        "utf-8-validate": {
          "optional": true
        }
      }
    }
  }
}
